// !$*UTF8*$!
{
	archiveVersion = 1;
	classes = {
	};
	objectVersion = 48;
	objects = {

/* Begin PBXBuildFile section */
		7BEADC1A2026F633002D0C01 /* AppDelegate.swift in Sources */ = {isa = PBXBuildFile; fileRef = 7BEADC192026F633002D0C01 /* AppDelegate.swift */; };
		7BEADC1C2026F633002D0C01 /* ViewController.swift in Sources */ = {isa = PBXBuildFile; fileRef = 7BEADC1B2026F633002D0C01 /* ViewController.swift */; };
		7BEADC1F2026F633002D0C01 /* Main.storyboard in Resources */ = {isa = PBXBuildFile; fileRef = 7BEADC1D2026F633002D0C01 /* Main.storyboard */; };
		7BEADC212026F633002D0C01 /* Assets.xcassets in Resources */ = {isa = PBXBuildFile; fileRef = 7BEADC202026F633002D0C01 /* Assets.xcassets */; };
		7BEADC242026F633002D0C01 /* LaunchScreen.storyboard in Resources */ = {isa = PBXBuildFile; fileRef = 7BEADC222026F633002D0C01 /* LaunchScreen.storyboard */; };
		7BEADC2F2026F634002D0C01 /* Flix_Part_1Tests.swift in Sources */ = {isa = PBXBuildFile; fileRef = 7BEADC2E2026F634002D0C01 /* Flix_Part_1Tests.swift */; };
		7BEADC3A2026F634002D0C01 /* Flix_Part_1UITests.swift in Sources */ = {isa = PBXBuildFile; fileRef = 7BEADC392026F634002D0C01 /* Flix_Part_1UITests.swift */; };
/* End PBXBuildFile section */

/* Begin PBXContainerItemProxy section */
		7BEADC2B2026F634002D0C01 /* PBXContainerItemProxy */ = {
			isa = PBXContainerItemProxy;
			containerPortal = 7BEADC0E2026F633002D0C01 /* Project object */;
			proxyType = 1;
			remoteGlobalIDString = 7BEADC152026F633002D0C01;
			remoteInfo = Flix_Part_1;
		};
		7BEADC362026F634002D0C01 /* PBXContainerItemProxy */ = {
			isa = PBXContainerItemProxy;
			containerPortal = 7BEADC0E2026F633002D0C01 /* Project object */;
			proxyType = 1;
			remoteGlobalIDString = 7BEADC152026F633002D0C01;
			remoteInfo = Flix_Part_1;
		};
/* End PBXContainerItemProxy section */

/* Begin PBXFileReference section */
		7BEADC162026F633002D0C01 /* Flix_Part_1.app */ = {isa = PBXFileReference; explicitFileType = wrapper.application; includeInIndex = 0; path = Flix_Part_1.app; sourceTree = BUILT_PRODUCTS_DIR; };
		7BEADC192026F633002D0C01 /* AppDelegate.swift */ = {isa = PBXFileReference; lastKnownFileType = sourcecode.swift; path = AppDelegate.swift; sourceTree = "<group>"; };
		7BEADC1B2026F633002D0C01 /* ViewController.swift */ = {isa = PBXFileReference; lastKnownFileType = sourcecode.swift; path = ViewController.swift; sourceTree = "<group>"; };
		7BEADC1E2026F633002D0C01 /* Base */ = {isa = PBXFileReference; lastKnownFileType = file.storyboard; name = Base; path = Base.lproj/Main.storyboard; sourceTree = "<group>"; };
		7BEADC202026F633002D0C01 /* Assets.xcassets */ = {isa = PBXFileReference; lastKnownFileType = folder.assetcatalog; path = Assets.xcassets; sourceTree = "<group>"; };
		7BEADC232026F633002D0C01 /* Base */ = {isa = PBXFileReference; lastKnownFileType = file.storyboard; name = Base; path = Base.lproj/LaunchScreen.storyboard; sourceTree = "<group>"; };
		7BEADC252026F633002D0C01 /* Info.plist */ = {isa = PBXFileReference; lastKnownFileType = text.plist.xml; path = Info.plist; sourceTree = "<group>"; };
		7BEADC2A2026F634002D0C01 /* Flix_Part_1Tests.xctest */ = {isa = PBXFileReference; explicitFileType = wrapper.cfbundle; includeInIndex = 0; path = Flix_Part_1Tests.xctest; sourceTree = BUILT_PRODUCTS_DIR; };
		7BEADC2E2026F634002D0C01 /* Flix_Part_1Tests.swift */ = {isa = PBXFileReference; lastKnownFileType = sourcecode.swift; path = Flix_Part_1Tests.swift; sourceTree = "<group>"; };
		7BEADC302026F634002D0C01 /* Info.plist */ = {isa = PBXFileReference; lastKnownFileType = text.plist.xml; path = Info.plist; sourceTree = "<group>"; };
		7BEADC352026F634002D0C01 /* Flix_Part_1UITests.xctest */ = {isa = PBXFileReference; explicitFileType = wrapper.cfbundle; includeInIndex = 0; path = Flix_Part_1UITests.xctest; sourceTree = BUILT_PRODUCTS_DIR; };
		7BEADC392026F634002D0C01 /* Flix_Part_1UITests.swift */ = {isa = PBXFileReference; lastKnownFileType = sourcecode.swift; path = Flix_Part_1UITests.swift; sourceTree = "<group>"; };
		7BEADC3B2026F634002D0C01 /* Info.plist */ = {isa = PBXFileReference; lastKnownFileType = text.plist.xml; path = Info.plist; sourceTree = "<group>"; };
/* End PBXFileReference section */

/* Begin PBXFrameworksBuildPhase section */
		7BEADC132026F633002D0C01 /* Frameworks */ = {
			isa = PBXFrameworksBuildPhase;
			buildActionMask = 2147483647;
			files = (
			);
			runOnlyForDeploymentPostprocessing = 0;
		};
		7BEADC272026F634002D0C01 /* Frameworks */ = {
			isa = PBXFrameworksBuildPhase;
			buildActionMask = 2147483647;
			files = (
			);
			runOnlyForDeploymentPostprocessing = 0;
		};
		7BEADC322026F634002D0C01 /* Frameworks */ = {
			isa = PBXFrameworksBuildPhase;
			buildActionMask = 2147483647;
			files = (
			);
			runOnlyForDeploymentPostprocessing = 0;
		};
/* End PBXFrameworksBuildPhase section */

/* Begin PBXGroup section */
		7BEADC0D2026F633002D0C01 = {
			isa = PBXGroup;
			children = (
				7BEADC182026F633002D0C01 /* Flix_Part_1 */,
				7BEADC2D2026F634002D0C01 /* Flix_Part_1Tests */,
				7BEADC382026F634002D0C01 /* Flix_Part_1UITests */,
				7BEADC172026F633002D0C01 /* Products */,
			);
			sourceTree = "<group>";
		};
		7BEADC172026F633002D0C01 /* Products */ = {
			isa = PBXGroup;
			children = (
				7BEADC162026F633002D0C01 /* Flix_Part_1.app */,
				7BEADC2A2026F634002D0C01 /* Flix_Part_1Tests.xctest */,
				7BEADC352026F634002D0C01 /* Flix_Part_1UITests.xctest */,
			);
			name = Products;
			sourceTree = "<group>";
		};
		7BEADC182026F633002D0C01 /* Flix_Part_1 */ = {
			isa = PBXGroup;
			children = (
				7BEADC192026F633002D0C01 /* AppDelegate.swift */,
				7BEADC1B2026F633002D0C01 /* ViewController.swift */,
				7BEADC1D2026F633002D0C01 /* Main.storyboard */,
				7BEADC202026F633002D0C01 /* Assets.xcassets */,
				7BEADC222026F633002D0C01 /* LaunchScreen.storyboard */,
				7BEADC252026F633002D0C01 /* Info.plist */,
			);
			path = Flix_Part_1;
			sourceTree = "<group>";
		};
		7BEADC2D2026F634002D0C01 /* Flix_Part_1Tests */ = {
			isa = PBXGroup;
			children = (
				7BEADC2E2026F634002D0C01 /* Flix_Part_1Tests.swift */,
				7BEADC302026F634002D0C01 /* Info.plist */,
			);
			path = Flix_Part_1Tests;
			sourceTree = "<group>";
		};
		7BEADC382026F634002D0C01 /* Flix_Part_1UITests */ = {
			isa = PBXGroup;
			children = (
				7BEADC392026F634002D0C01 /* Flix_Part_1UITests.swift */,
				7BEADC3B2026F634002D0C01 /* Info.plist */,
			);
			path = Flix_Part_1UITests;
			sourceTree = "<group>";
		};
/* End PBXGroup section */

/* Begin PBXNativeTarget section */
		7BEADC152026F633002D0C01 /* Flix_Part_1 */ = {
			isa = PBXNativeTarget;
			buildConfigurationList = 7BEADC3E2026F634002D0C01 /* Build configuration list for PBXNativeTarget "Flix_Part_1" */;
			buildPhases = (
				7BEADC122026F633002D0C01 /* Sources */,
				7BEADC132026F633002D0C01 /* Frameworks */,
				7BEADC142026F633002D0C01 /* Resources */,
			);
			buildRules = (
			);
			dependencies = (
			);
			name = Flix_Part_1;
			productName = Flix_Part_1;
			productReference = 7BEADC162026F633002D0C01 /* Flix_Part_1.app */;
			productType = "com.apple.product-type.application";
		};
		7BEADC292026F634002D0C01 /* Flix_Part_1Tests */ = {
			isa = PBXNativeTarget;
			buildConfigurationList = 7BEADC412026F634002D0C01 /* Build configuration list for PBXNativeTarget "Flix_Part_1Tests" */;
			buildPhases = (
				7BEADC262026F634002D0C01 /* Sources */,
				7BEADC272026F634002D0C01 /* Frameworks */,
				7BEADC282026F634002D0C01 /* Resources */,
			);
			buildRules = (
			);
			dependencies = (
				7BEADC2C2026F634002D0C01 /* PBXTargetDependency */,
			);
			name = Flix_Part_1Tests;
			productName = Flix_Part_1Tests;
			productReference = 7BEADC2A2026F634002D0C01 /* Flix_Part_1Tests.xctest */;
			productType = "com.apple.product-type.bundle.unit-test";
		};
		7BEADC342026F634002D0C01 /* Flix_Part_1UITests */ = {
			isa = PBXNativeTarget;
			buildConfigurationList = 7BEADC442026F634002D0C01 /* Build configuration list for PBXNativeTarget "Flix_Part_1UITests" */;
			buildPhases = (
				7BEADC312026F634002D0C01 /* Sources */,
				7BEADC322026F634002D0C01 /* Frameworks */,
				7BEADC332026F634002D0C01 /* Resources */,
			);
			buildRules = (
			);
			dependencies = (
				7BEADC372026F634002D0C01 /* PBXTargetDependency */,
			);
			name = Flix_Part_1UITests;
			productName = Flix_Part_1UITests;
			productReference = 7BEADC352026F634002D0C01 /* Flix_Part_1UITests.xctest */;
			productType = "com.apple.product-type.bundle.ui-testing";
		};
/* End PBXNativeTarget section */

/* Begin PBXProject section */
		7BEADC0E2026F633002D0C01 /* Project object */ = {
			isa = PBXProject;
			attributes = {
				LastSwiftUpdateCheck = 0920;
				LastUpgradeCheck = 0920;
				ORGANIZATIONNAME = KevinVuNguyen;
				TargetAttributes = {
					7BEADC152026F633002D0C01 = {
						CreatedOnToolsVersion = 9.2;
						ProvisioningStyle = Automatic;
					};
					7BEADC292026F634002D0C01 = {
						CreatedOnToolsVersion = 9.2;
						ProvisioningStyle = Automatic;
						TestTargetID = 7BEADC152026F633002D0C01;
					};
					7BEADC342026F634002D0C01 = {
						CreatedOnToolsVersion = 9.2;
						ProvisioningStyle = Automatic;
						TestTargetID = 7BEADC152026F633002D0C01;
					};
				};
			};
			buildConfigurationList = 7BEADC112026F633002D0C01 /* Build configuration list for PBXProject "Flix_Part_1" */;
			compatibilityVersion = "Xcode 8.0";
			developmentRegion = en;
			hasScannedForEncodings = 0;
			knownRegions = (
				en,
				Base,
			);
			mainGroup = 7BEADC0D2026F633002D0C01;
			productRefGroup = 7BEADC172026F633002D0C01 /* Products */;
			projectDirPath = "";
			projectRoot = "";
			targets = (
				7BEADC152026F633002D0C01 /* Flix_Part_1 */,
				7BEADC292026F634002D0C01 /* Flix_Part_1Tests */,
				7BEADC342026F634002D0C01 /* Flix_Part_1UITests */,
			);
		};
/* End PBXProject section */

/* Begin PBXResourcesBuildPhase section */
		7BEADC142026F633002D0C01 /* Resources */ = {
			isa = PBXResourcesBuildPhase;
			buildActionMask = 2147483647;
			files = (
				7BEADC242026F633002D0C01 /* LaunchScreen.storyboard in Resources */,
				7BEADC212026F633002D0C01 /* Assets.xcassets in Resources */,
				7BEADC1F2026F633002D0C01 /* Main.storyboard in Resources */,
			);
			runOnlyForDeploymentPostprocessing = 0;
		};
		7BEADC282026F634002D0C01 /* Resources */ = {
			isa = PBXResourcesBuildPhase;
			buildActionMask = 2147483647;
			files = (
			);
			runOnlyForDeploymentPostprocessing = 0;
		};
		7BEADC332026F634002D0C01 /* Resources */ = {
			isa = PBXResourcesBuildPhase;
			buildActionMask = 2147483647;
			files = (
			);
			runOnlyForDeploymentPostprocessing = 0;
		};
/* End PBXResourcesBuildPhase section */

/* Begin PBXSourcesBuildPhase section */
		7BEADC122026F633002D0C01 /* Sources */ = {
			isa = PBXSourcesBuildPhase;
			buildActionMask = 2147483647;
			files = (
				7BEADC1C2026F633002D0C01 /* ViewController.swift in Sources */,
				7BEADC1A2026F633002D0C01 /* AppDelegate.swift in Sources */,
			);
			runOnlyForDeploymentPostprocessing = 0;
		};
		7BEADC262026F634002D0C01 /* Sources */ = {
			isa = PBXSourcesBuildPhase;
			buildActionMask = 2147483647;
			files = (
				7BEADC2F2026F634002D0C01 /* Flix_Part_1Tests.swift in Sources */,
			);
			runOnlyForDeploymentPostprocessing = 0;
		};
		7BEADC312026F634002D0C01 /* Sources */ = {
			isa = PBXSourcesBuildPhase;
			buildActionMask = 2147483647;
			files = (
				7BEADC3A2026F634002D0C01 /* Flix_Part_1UITests.swift in Sources */,
			);
			runOnlyForDeploymentPostprocessing = 0;
		};
/* End PBXSourcesBuildPhase section */

/* Begin PBXTargetDependency section */
		7BEADC2C2026F634002D0C01 /* PBXTargetDependency */ = {
			isa = PBXTargetDependency;
			target = 7BEADC152026F633002D0C01 /* Flix_Part_1 */;
			targetProxy = 7BEADC2B2026F634002D0C01 /* PBXContainerItemProxy */;
		};
		7BEADC372026F634002D0C01 /* PBXTargetDependency */ = {
			isa = PBXTargetDependency;
			target = 7BEADC152026F633002D0C01 /* Flix_Part_1 */;
			targetProxy = 7BEADC362026F634002D0C01 /* PBXContainerItemProxy */;
		};
/* End PBXTargetDependency section */

/* Begin PBXVariantGroup section */
		7BEADC1D2026F633002D0C01 /* Main.storyboard */ = {
			isa = PBXVariantGroup;
			children = (
				7BEADC1E2026F633002D0C01 /* Base */,
			);
			name = Main.storyboard;
			sourceTree = "<group>";
		};
		7BEADC222026F633002D0C01 /* LaunchScreen.storyboard */ = {
			isa = PBXVariantGroup;
			children = (
				7BEADC232026F633002D0C01 /* Base */,
			);
			name = LaunchScreen.storyboard;
			sourceTree = "<group>";
		};
/* End PBXVariantGroup section */

/* Begin XCBuildConfiguration section */
		7BEADC3C2026F634002D0C01 /* Debug */ = {
			isa = XCBuildConfiguration;
			buildSettings = {
				ALWAYS_SEARCH_USER_PATHS = NO;
				CLANG_ANALYZER_NONNULL = YES;
				CLANG_ANALYZER_NUMBER_OBJECT_CONVERSION = YES_AGGRESSIVE;
				CLANG_CXX_LANGUAGE_STANDARD = "gnu++14";
				CLANG_CXX_LIBRARY = "libc++";
				CLANG_ENABLE_MODULES = YES;
				CLANG_ENABLE_OBJC_ARC = YES;
				CLANG_WARN_BLOCK_CAPTURE_AUTORELEASING = YES;
				CLANG_WARN_BOOL_CONVERSION = YES;
				CLANG_WARN_COMMA = YES;
				CLANG_WARN_CONSTANT_CONVERSION = YES;
				CLANG_WARN_DIRECT_OBJC_ISA_USAGE = YES_ERROR;
				CLANG_WARN_DOCUMENTATION_COMMENTS = YES;
				CLANG_WARN_EMPTY_BODY = YES;
				CLANG_WARN_ENUM_CONVERSION = YES;
				CLANG_WARN_INFINITE_RECURSION = YES;
				CLANG_WARN_INT_CONVERSION = YES;
				CLANG_WARN_NON_LITERAL_NULL_CONVERSION = YES;
				CLANG_WARN_OBJC_LITERAL_CONVERSION = YES;
				CLANG_WARN_OBJC_ROOT_CLASS = YES_ERROR;
				CLANG_WARN_RANGE_LOOP_ANALYSIS = YES;
				CLANG_WARN_STRICT_PROTOTYPES = YES;
				CLANG_WARN_SUSPICIOUS_MOVE = YES;
				CLANG_WARN_UNGUARDED_AVAILABILITY = YES_AGGRESSIVE;
				CLANG_WARN_UNREACHABLE_CODE = YES;
				CLANG_WARN__DUPLICATE_METHOD_MATCH = YES;
				CODE_SIGN_IDENTITY = "iPhone Developer";
				COPY_PHASE_STRIP = NO;
				DEBUG_INFORMATION_FORMAT = dwarf;
				ENABLE_STRICT_OBJC_MSGSEND = YES;
				ENABLE_TESTABILITY = YES;
				GCC_C_LANGUAGE_STANDARD = gnu11;
				GCC_DYNAMIC_NO_PIC = NO;
				GCC_NO_COMMON_BLOCKS = YES;
				GCC_OPTIMIZATION_LEVEL = 0;
				GCC_PREPROCESSOR_DEFINITIONS = (
					"DEBUG=1",
					"$(inherited)",
				);
				GCC_WARN_64_TO_32_BIT_CONVERSION = YES;
				GCC_WARN_ABOUT_RETURN_TYPE = YES_ERROR;
				GCC_WARN_UNDECLARED_SELECTOR = YES;
				GCC_WARN_UNINITIALIZED_AUTOS = YES_AGGRESSIVE;
				GCC_WARN_UNUSED_FUNCTION = YES;
				GCC_WARN_UNUSED_VARIABLE = YES;
				IPHONEOS_DEPLOYMENT_TARGET = 11.2;
				MTL_ENABLE_DEBUG_INFO = YES;
				ONLY_ACTIVE_ARCH = YES;
				SDKROOT = iphoneos;
				SWIFT_ACTIVE_COMPILATION_CONDITIONS = DEBUG;
				SWIFT_OPTIMIZATION_LEVEL = "-Onone";
			};
			name = Debug;
		};
		7BEADC3D2026F634002D0C01 /* Release */ = {
			isa = XCBuildConfiguration;
			buildSettings = {
				ALWAYS_SEARCH_USER_PATHS = NO;
				CLANG_ANALYZER_NONNULL = YES;
				CLANG_ANALYZER_NUMBER_OBJECT_CONVERSION = YES_AGGRESSIVE;
				CLANG_CXX_LANGUAGE_STANDARD = "gnu++14";
				CLANG_CXX_LIBRARY = "libc++";
				CLANG_ENABLE_MODULES = YES;
				CLANG_ENABLE_OBJC_ARC = YES;
				CLANG_WARN_BLOCK_CAPTURE_AUTORELEASING = YES;
				CLANG_WARN_BOOL_CONVERSION = YES;
				CLANG_WARN_COMMA = YES;
				CLANG_WARN_CONSTANT_CONVERSION = YES;
				CLANG_WARN_DIRECT_OBJC_ISA_USAGE = YES_ERROR;
				CLANG_WARN_DOCUMENTATION_COMMENTS = YES;
				CLANG_WARN_EMPTY_BODY = YES;
				CLANG_WARN_ENUM_CONVERSION = YES;
				CLANG_WARN_INFINITE_RECURSION = YES;
				CLANG_WARN_INT_CONVERSION = YES;
				CLANG_WARN_NON_LITERAL_NULL_CONVERSION = YES;
				CLANG_WARN_OBJC_LITERAL_CONVERSION = YES;
				CLANG_WARN_OBJC_ROOT_CLASS = YES_ERROR;
				CLANG_WARN_RANGE_LOOP_ANALYSIS = YES;
				CLANG_WARN_STRICT_PROTOTYPES = YES;
				CLANG_WARN_SUSPICIOUS_MOVE = YES;
				CLANG_WARN_UNGUARDED_AVAILABILITY = YES_AGGRESSIVE;
				CLANG_WARN_UNREACHABLE_CODE = YES;
				CLANG_WARN__DUPLICATE_METHOD_MATCH = YES;
				CODE_SIGN_IDENTITY = "iPhone Developer";
				COPY_PHASE_STRIP = NO;
				DEBUG_INFORMATION_FORMAT = "dwarf-with-dsym";
				ENABLE_NS_ASSERTIONS = NO;
				ENABLE_STRICT_OBJC_MSGSEND = YES;
				GCC_C_LANGUAGE_STANDARD = gnu11;
				GCC_NO_COMMON_BLOCKS = YES;
				GCC_WARN_64_TO_32_BIT_CONVERSION = YES;
				GCC_WARN_ABOUT_RETURN_TYPE = YES_ERROR;
				GCC_WARN_UNDECLARED_SELECTOR = YES;
				GCC_WARN_UNINITIALIZED_AUTOS = YES_AGGRESSIVE;
				GCC_WARN_UNUSED_FUNCTION = YES;
				GCC_WARN_UNUSED_VARIABLE = YES;
				IPHONEOS_DEPLOYMENT_TARGET = 11.2;
				MTL_ENABLE_DEBUG_INFO = NO;
				SDKROOT = iphoneos;
				SWIFT_OPTIMIZATION_LEVEL = "-Owholemodule";
				VALIDATE_PRODUCT = YES;
			};
			name = Release;
		};
		7BEADC3F2026F634002D0C01 /* Debug */ = {
			isa = XCBuildConfiguration;
			buildSettings = {
				ASSETCATALOG_COMPILER_APPICON_NAME = AppIcon;
				CODE_SIGN_STYLE = Automatic;
				DEVELOPMENT_TEAM = DJGXAZ7LPD;
				INFOPLIST_FILE = Flix_Part_1/Info.plist;
				LD_RUNPATH_SEARCH_PATHS = "$(inherited) @executable_path/Frameworks";
				PRODUCT_BUNDLE_IDENTIFIER = "com.UCSD.Flix-Part-1";
				PRODUCT_NAME = "$(TARGET_NAME)";
				SWIFT_VERSION = 4.0;
				TARGETED_DEVICE_FAMILY = "1,2";
			};
			name = Debug;
		};
		7BEADC402026F634002D0C01 /* Release */ = {
			isa = XCBuildConfiguration;
			buildSettings = {
				ASSETCATALOG_COMPILER_APPICON_NAME = AppIcon;
				CODE_SIGN_STYLE = Automatic;
				DEVELOPMENT_TEAM = DJGXAZ7LPD;
				INFOPLIST_FILE = Flix_Part_1/Info.plist;
				LD_RUNPATH_SEARCH_PATHS = "$(inherited) @executable_path/Frameworks";
				PRODUCT_BUNDLE_IDENTIFIER = "com.UCSD.Flix-Part-1";
				PRODUCT_NAME = "$(TARGET_NAME)";
				SWIFT_VERSION = 4.0;
				TARGETED_DEVICE_FAMILY = "1,2";
			};
			name = Release;
		};
		7BEADC422026F634002D0C01 /* Debug */ = {
			isa = XCBuildConfiguration;
			buildSettings = {
				ALWAYS_EMBED_SWIFT_STANDARD_LIBRARIES = YES;
				BUNDLE_LOADER = "$(TEST_HOST)";
				CODE_SIGN_STYLE = Automatic;
				DEVELOPMENT_TEAM = DJGXAZ7LPD;
				INFOPLIST_FILE = Flix_Part_1Tests/Info.plist;
				LD_RUNPATH_SEARCH_PATHS = "$(inherited) @executable_path/Frameworks @loader_path/Frameworks";
				PRODUCT_BUNDLE_IDENTIFIER = "com.UCSD.Flix-Part-1Tests";
				PRODUCT_NAME = "$(TARGET_NAME)";
				SWIFT_VERSION = 4.0;
				TARGETED_DEVICE_FAMILY = "1,2";
				TEST_HOST = "$(BUILT_PRODUCTS_DIR)/Flix_Part_1.app/Flix_Part_1";
			};
			name = Debug;
		};
		7BEADC432026F634002D0C01 /* Release */ = {
			isa = XCBuildConfiguration;
			buildSettings = {
				ALWAYS_EMBED_SWIFT_STANDARD_LIBRARIES = YES;
				BUNDLE_LOADER = "$(TEST_HOST)";
				CODE_SIGN_STYLE = Automatic;
				DEVELOPMENT_TEAM = DJGXAZ7LPD;
				INFOPLIST_FILE = Flix_Part_1Tests/Info.plist;
				LD_RUNPATH_SEARCH_PATHS = "$(inherited) @executable_path/Frameworks @loader_path/Frameworks";
				PRODUCT_BUNDLE_IDENTIFIER = "com.UCSD.Flix-Part-1Tests";
				PRODUCT_NAME = "$(TARGET_NAME)";
				SWIFT_VERSION = 4.0;
				TARGETED_DEVICE_FAMILY = "1,2";
				TEST_HOST = "$(BUILT_PRODUCTS_DIR)/Flix_Part_1.app/Flix_Part_1";
			};
			name = Release;
		};
		7BEADC452026F634002D0C01 /* Debug */ = {
			isa = XCBuildConfiguration;
			buildSettings = {
				ALWAYS_EMBED_SWIFT_STANDARD_LIBRARIES = YES;
				CODE_SIGN_STYLE = Automatic;
				DEVELOPMENT_TEAM = DJGXAZ7LPD;
				INFOPLIST_FILE = Flix_Part_1UITests/Info.plist;
				LD_RUNPATH_SEARCH_PATHS = "$(inherited) @executable_path/Frameworks @loader_path/Frameworks";
				PRODUCT_BUNDLE_IDENTIFIER = "com.UCSD.Flix-Part-1UITests";
				PRODUCT_NAME = "$(TARGET_NAME)";
				SWIFT_VERSION = 4.0;
				TARGETED_DEVICE_FAMILY = "1,2";
				TEST_TARGET_NAME = Flix_Part_1;
			};
			name = Debug;
		};
		7BEADC462026F634002D0C01 /* Release */ = {
			isa = XCBuildConfiguration;
			buildSettings = {
				ALWAYS_EMBED_SWIFT_STANDARD_LIBRARIES = YES;
				CODE_SIGN_STYLE = Automatic;
				DEVELOPMENT_TEAM = DJGXAZ7LPD;
				INFOPLIST_FILE = Flix_Part_1UITests/Info.plist;
				LD_RUNPATH_SEARCH_PATHS = "$(inherited) @executable_path/Frameworks @loader_path/Frameworks";
				PRODUCT_BUNDLE_IDENTIFIER = "com.UCSD.Flix-Part-1UITests";
				PRODUCT_NAME = "$(TARGET_NAME)";
				SWIFT_VERSION = 4.0;
				TARGETED_DEVICE_FAMILY = "1,2";
				TEST_TARGET_NAME = Flix_Part_1;
			};
			name = Release;
		};
/* End XCBuildConfiguration section */

/* Begin XCConfigurationList section */
		7BEADC112026F633002D0C01 /* Build configuration list for PBXProject "Flix_Part_1" */ = {
			isa = XCConfigurationList;
			buildConfigurations = (
				7BEADC3C2026F634002D0C01 /* Debug */,
				7BEADC3D2026F634002D0C01 /* Release */,
			);
			defaultConfigurationIsVisible = 0;
			defaultConfigurationName = Release;
		};
		7BEADC3E2026F634002D0C01 /* Build configuration list for PBXNativeTarget "Flix_Part_1" */ = {
			isa = XCConfigurationList;
			buildConfigurations = (
				7BEADC3F2026F634002D0C01 /* Debug */,
				7BEADC402026F634002D0C01 /* Release */,
			);
			defaultConfigurationIsVisible = 0;
			defaultConfigurationName = Release;
		};
		7BEADC412026F634002D0C01 /* Build configuration list for PBXNativeTarget "Flix_Part_1Tests" */ = {
			isa = XCConfigurationList;
			buildConfigurations = (
				7BEADC422026F634002D0C01 /* Debug */,
				7BEADC432026F634002D0C01 /* Release */,
			);
			defaultConfigurationIsVisible = 0;
			defaultConfigurationName = Release;
		};
		7BEADC442026F634002D0C01 /* Build configuration list for PBXNativeTarget "Flix_Part_1UITests" */ = {
			isa = XCConfigurationList;
			buildConfigurations = (
				7BEADC452026F634002D0C01 /* Debug */,
				7BEADC462026F634002D0C01 /* Release */,
			);
			defaultConfigurationIsVisible = 0;
			defaultConfigurationName = Release;
		};
/* End XCConfigurationList section */
	};
	rootObject = 7BEADC0E2026F633002D0C01 /* Project object */;
}
